
Microsoft Visual Studio Solution File, Format Version 12.00
# Visual Studio Version 16
VisualStudioVersion = 16.0.32413.511
MinimumVisualStudioVersion = 10.0.40219.1
Project("{FAE04EC0-301F-11D3-BF4B-00C04F79EFBC}") = "cars", "cars.csproj", "{8C5A320A-7C24-4530-A649-D3926BFC666C}"
EndProject
Global
	GlobalSection(SolutionConfigurationPlatforms) = preSolution
		Debug|Any CPU = Debug|Any CPU
		Release|Any CPU = Release|Any CPU
	EndGlobalSection
	GlobalSection(ProjectConfigurationPlatforms) = postSolution
		{8C5A320A-7C24-4530-A649-D3926BFC666C}.Debug|Any CPU.ActiveCfg = Debug|Any CPU
		{8C5A320A-7C24-4530-A649-D3926BFC666C}.Debug|Any CPU.Build.0 = Debug|Any CPU
		{8C5A320A-7C24-4530-A649-D3926BFC666C}.Release|Any CPU.ActiveCfg = Release|Any CPU
		{8C5A320A-7C24-4530-A649-D3926BFC666C}.Release|Any CPU.Build.0 = Release|Any CPU
	EndGlobalSection
	GlobalSection(SolutionProperties) = preSolution
		HideSolutionNode = FALSE
	EndGlobalSection
	GlobalSection(ExtensibilityGlobals) = postSolution
		SolutionGuid = {287131EE-DA71-4BC6-B694-E2675F73A94A}
	EndGlobalSection
EndGlobal
